// !$*UTF8*$!
{
	archiveVersion = 1;
	classes = {
	};
	objectVersion = 56;
	objects = {

/* Begin PBXBuildFile section */
		0502BBC35A37E8EF5A502BAF /* Pods_Twitter.framework in Frameworks */ = {isa = PBXBuildFile; fileRef = 608457D1BACF4BB9D5AA90F4 /* Pods_Twitter.framework */; };
		8A5FA6762B90C888005A2FCD /* TweetTableViewCell.swift in Sources */ = {isa = PBXBuildFile; fileRef = 8A5FA6742B90C888005A2FCD /* TweetTableViewCell.swift */; };
		8A5FA6772B90C888005A2FCD /* TweetTableViewCell.xib in Resources */ = {isa = PBXBuildFile; fileRef = 8A5FA6752B90C888005A2FCD /* TweetTableViewCell.xib */; };
		8AAB96492BB8012400845F95 /* IconEditViewController.xib in Resources */ = {isa = PBXBuildFile; fileRef = 8AAB96482BB8012400845F95 /* IconEditViewController.xib */; };
		8AAB964A2BB8012400845F95 /* IconEditViewController.swift in Sources */ = {isa = PBXBuildFile; fileRef = 8AAB96472BB8012400845F95 /* IconEditViewController.swift */; };
		8ABCAEA92B81D4790018D8F9 /* AppDelegate.swift in Sources */ = {isa = PBXBuildFile; fileRef = 8ABCAEA82B81D4790018D8F9 /* AppDelegate.swift */; };
		8ABCAEAB2B81D4790018D8F9 /* SceneDelegate.swift in Sources */ = {isa = PBXBuildFile; fileRef = 8ABCAEAA2B81D4790018D8F9 /* SceneDelegate.swift */; };
		8ABCAEAD2B81D4790018D8F9 /* TimelineViewController.swift in Sources */ = {isa = PBXBuildFile; fileRef = 8ABCAEAC2B81D4790018D8F9 /* TimelineViewController.swift */; };
		8ABCAEB02B81D4790018D8F9 /* Main.storyboard in Resources */ = {isa = PBXBuildFile; fileRef = 8ABCAEAE2B81D4790018D8F9 /* Main.storyboard */; };
		8ABCAEB22B81D47A0018D8F9 /* Assets.xcassets in Resources */ = {isa = PBXBuildFile; fileRef = 8ABCAEB12B81D47A0018D8F9 /* Assets.xcassets */; };
		8ABCAEB52B81D47A0018D8F9 /* LaunchScreen.storyboard in Resources */ = {isa = PBXBuildFile; fileRef = 8ABCAEB32B81D47A0018D8F9 /* LaunchScreen.storyboard */; };
		8ABCAEC02B81D47A0018D8F9 /* TwitterTests.swift in Sources */ = {isa = PBXBuildFile; fileRef = 8ABCAEBF2B81D47A0018D8F9 /* TwitterTests.swift */; };
		8ABCAECA2B81D47A0018D8F9 /* TwitterUITests.swift in Sources */ = {isa = PBXBuildFile; fileRef = 8ABCAEC92B81D47A0018D8F9 /* TwitterUITests.swift */; };
		8ABCAECC2B81D47A0018D8F9 /* TwitterUITestsLaunchTests.swift in Sources */ = {isa = PBXBuildFile; fileRef = 8ABCAECB2B81D47A0018D8F9 /* TwitterUITestsLaunchTests.swift */; };
		8AF031DC2BB7CAFE00A28A6C /* TweetEditViewController.swift in Sources */ = {isa = PBXBuildFile; fileRef = 8AF031DA2BB7CAFE00A28A6C /* TweetEditViewController.swift */; };
		8AF031DD2BB7CAFE00A28A6C /* TweetEditViewController.xib in Resources */ = {isa = PBXBuildFile; fileRef = 8AF031DB2BB7CAFE00A28A6C /* TweetEditViewController.xib */; };
		9F9977B299A750A7A19C1272 /* Pods_Twitter_TwitterUITests.framework in Frameworks */ = {isa = PBXBuildFile; fileRef = 6063E3F8B04B08F3329760C3 /* Pods_Twitter_TwitterUITests.framework */; };
		B65AE6F6B9C9C30454857639 /* Pods_TwitterTests.framework in Frameworks */ = {isa = PBXBuildFile; fileRef = 7F83ED5BF319E6F03F89A74A /* Pods_TwitterTests.framework */; };
/* End PBXBuildFile section */

/* Begin PBXContainerItemProxy section */
		8ABCAEBC2B81D47A0018D8F9 /* PBXContainerItemProxy */ = {
			isa = PBXContainerItemProxy;
			containerPortal = 8ABCAE9D2B81D4790018D8F9 /* Project object */;
			proxyType = 1;
			remoteGlobalIDString = 8ABCAEA42B81D4790018D8F9;
			remoteInfo = Twitter;
		};
		8ABCAEC62B81D47A0018D8F9 /* PBXContainerItemProxy */ = {
			isa = PBXContainerItemProxy;
			containerPortal = 8ABCAE9D2B81D4790018D8F9 /* Project object */;
			proxyType = 1;
			remoteGlobalIDString = 8ABCAEA42B81D4790018D8F9;
			remoteInfo = Twitter;
		};
/* End PBXContainerItemProxy section */

/* Begin PBXFileReference section */
		236852317482C39D61466E0C /* Pods-Twitter-TwitterUITests.debug.xcconfig */ = {isa = PBXFileReference; includeInIndex = 1; lastKnownFileType = text.xcconfig; name = "Pods-Twitter-TwitterUITests.debug.xcconfig"; path = "Target Support Files/Pods-Twitter-TwitterUITests/Pods-Twitter-TwitterUITests.debug.xcconfig"; sourceTree = "<group>"; };
		6063E3F8B04B08F3329760C3 /* Pods_Twitter_TwitterUITests.framework */ = {isa = PBXFileReference; explicitFileType = wrapper.framework; includeInIndex = 0; path = Pods_Twitter_TwitterUITests.framework; sourceTree = BUILT_PRODUCTS_DIR; };
		608457D1BACF4BB9D5AA90F4 /* Pods_Twitter.framework */ = {isa = PBXFileReference; explicitFileType = wrapper.framework; includeInIndex = 0; path = Pods_Twitter.framework; sourceTree = BUILT_PRODUCTS_DIR; };
		689CC0D261074362889B1695 /* Pods-TwitterTests.release.xcconfig */ = {isa = PBXFileReference; includeInIndex = 1; lastKnownFileType = text.xcconfig; name = "Pods-TwitterTests.release.xcconfig"; path = "Target Support Files/Pods-TwitterTests/Pods-TwitterTests.release.xcconfig"; sourceTree = "<group>"; };
		79ED451A71989FD51F7D1D6B /* Pods-Twitter-TwitterUITests.release.xcconfig */ = {isa = PBXFileReference; includeInIndex = 1; lastKnownFileType = text.xcconfig; name = "Pods-Twitter-TwitterUITests.release.xcconfig"; path = "Target Support Files/Pods-Twitter-TwitterUITests/Pods-Twitter-TwitterUITests.release.xcconfig"; sourceTree = "<group>"; };
		7F83ED5BF319E6F03F89A74A /* Pods_TwitterTests.framework */ = {isa = PBXFileReference; explicitFileType = wrapper.framework; includeInIndex = 0; path = Pods_TwitterTests.framework; sourceTree = BUILT_PRODUCTS_DIR; };
		8A5FA6742B90C888005A2FCD /* TweetTableViewCell.swift */ = {isa = PBXFileReference; lastKnownFileType = sourcecode.swift; path = TweetTableViewCell.swift; sourceTree = "<group>"; };
		8A5FA6752B90C888005A2FCD /* TweetTableViewCell.xib */ = {isa = PBXFileReference; lastKnownFileType = file.xib; path = TweetTableViewCell.xib; sourceTree = "<group>"; };
		8AAB96472BB8012400845F95 /* IconEditViewController.swift */ = {isa = PBXFileReference; lastKnownFileType = sourcecode.swift; path = IconEditViewController.swift; sourceTree = "<group>"; };
		8AAB96482BB8012400845F95 /* IconEditViewController.xib */ = {isa = PBXFileReference; lastKnownFileType = file.xib; path = IconEditViewController.xib; sourceTree = "<group>"; };
		8ABCAEA52B81D4790018D8F9 /* Twitter.app */ = {isa = PBXFileReference; explicitFileType = wrapper.application; includeInIndex = 0; path = Twitter.app; sourceTree = BUILT_PRODUCTS_DIR; };
		8ABCAEA82B81D4790018D8F9 /* AppDelegate.swift */ = {isa = PBXFileReference; lastKnownFileType = sourcecode.swift; path = AppDelegate.swift; sourceTree = "<group>"; };
		8ABCAEAA2B81D4790018D8F9 /* SceneDelegate.swift */ = {isa = PBXFileReference; lastKnownFileType = sourcecode.swift; path = SceneDelegate.swift; sourceTree = "<group>"; };
		8ABCAEAC2B81D4790018D8F9 /* TimelineViewController.swift */ = {isa = PBXFileReference; lastKnownFileType = sourcecode.swift; path = TimelineViewController.swift; sourceTree = "<group>"; };
		8ABCAEAF2B81D4790018D8F9 /* Base */ = {isa = PBXFileReference; lastKnownFileType = file.storyboard; name = Base; path = Base.lproj/Main.storyboard; sourceTree = "<group>"; };
		8ABCAEB12B81D47A0018D8F9 /* Assets.xcassets */ = {isa = PBXFileReference; lastKnownFileType = folder.assetcatalog; path = Assets.xcassets; sourceTree = "<group>"; };
		8ABCAEB42B81D47A0018D8F9 /* Base */ = {isa = PBXFileReference; lastKnownFileType = file.storyboard; name = Base; path = Base.lproj/LaunchScreen.storyboard; sourceTree = "<group>"; };
		8ABCAEB62B81D47A0018D8F9 /* Info.plist */ = {isa = PBXFileReference; lastKnownFileType = text.plist.xml; path = Info.plist; sourceTree = "<group>"; };
		8ABCAEBB2B81D47A0018D8F9 /* TwitterTests.xctest */ = {isa = PBXFileReference; explicitFileType = wrapper.cfbundle; includeInIndex = 0; path = TwitterTests.xctest; sourceTree = BUILT_PRODUCTS_DIR; };
		8ABCAEBF2B81D47A0018D8F9 /* TwitterTests.swift */ = {isa = PBXFileReference; lastKnownFileType = sourcecode.swift; path = TwitterTests.swift; sourceTree = "<group>"; };
		8ABCAEC52B81D47A0018D8F9 /* TwitterUITests.xctest */ = {isa = PBXFileReference; explicitFileType = wrapper.cfbundle; includeInIndex = 0; path = TwitterUITests.xctest; sourceTree = BUILT_PRODUCTS_DIR; };
		8ABCAEC92B81D47A0018D8F9 /* TwitterUITests.swift */ = {isa = PBXFileReference; lastKnownFileType = sourcecode.swift; path = TwitterUITests.swift; sourceTree = "<group>"; };
		8ABCAECB2B81D47A0018D8F9 /* TwitterUITestsLaunchTests.swift */ = {isa = PBXFileReference; lastKnownFileType = sourcecode.swift; path = TwitterUITestsLaunchTests.swift; sourceTree = "<group>"; };
		8AF031DA2BB7CAFE00A28A6C /* TweetEditViewController.swift */ = {isa = PBXFileReference; lastKnownFileType = sourcecode.swift; path = TweetEditViewController.swift; sourceTree = "<group>"; };
		8AF031DB2BB7CAFE00A28A6C /* TweetEditViewController.xib */ = {isa = PBXFileReference; lastKnownFileType = file.xib; path = TweetEditViewController.xib; sourceTree = "<group>"; };
		C213F5484BE25F48794CA920 /* Pods-Twitter.debug.xcconfig */ = {isa = PBXFileReference; includeInIndex = 1; lastKnownFileType = text.xcconfig; name = "Pods-Twitter.debug.xcconfig"; path = "Target Support Files/Pods-Twitter/Pods-Twitter.debug.xcconfig"; sourceTree = "<group>"; };
		C8232681F98CDDF5FD441ED6 /* Pods-TwitterTests.debug.xcconfig */ = {isa = PBXFileReference; includeInIndex = 1; lastKnownFileType = text.xcconfig; name = "Pods-TwitterTests.debug.xcconfig"; path = "Target Support Files/Pods-TwitterTests/Pods-TwitterTests.debug.xcconfig"; sourceTree = "<group>"; };
		FE522B91127333F6A9EB9575 /* Pods-Twitter.release.xcconfig */ = {isa = PBXFileReference; includeInIndex = 1; lastKnownFileType = text.xcconfig; name = "Pods-Twitter.release.xcconfig"; path = "Target Support Files/Pods-Twitter/Pods-Twitter.release.xcconfig"; sourceTree = "<group>"; };
/* End PBXFileReference section */

/* Begin PBXFrameworksBuildPhase section */
		8ABCAEA22B81D4790018D8F9 /* Frameworks */ = {
			isa = PBXFrameworksBuildPhase;
			buildActionMask = 2147483647;
			files = (
				0502BBC35A37E8EF5A502BAF /* Pods_Twitter.framework in Frameworks */,
			);
			runOnlyForDeploymentPostprocessing = 0;
		};
		8ABCAEB82B81D47A0018D8F9 /* Frameworks */ = {
			isa = PBXFrameworksBuildPhase;
			buildActionMask = 2147483647;
			files = (
				B65AE6F6B9C9C30454857639 /* Pods_TwitterTests.framework in Frameworks */,
			);
			runOnlyForDeploymentPostprocessing = 0;
		};
		8ABCAEC22B81D47A0018D8F9 /* Frameworks */ = {
			isa = PBXFrameworksBuildPhase;
			buildActionMask = 2147483647;
			files = (
				9F9977B299A750A7A19C1272 /* Pods_Twitter_TwitterUITests.framework in Frameworks */,
			);
			runOnlyForDeploymentPostprocessing = 0;
		};
/* End PBXFrameworksBuildPhase section */

/* Begin PBXGroup section */
		3B7075D34842B6FB40B84C04 /* Frameworks */ = {
			isa = PBXGroup;
			children = (
				608457D1BACF4BB9D5AA90F4 /* Pods_Twitter.framework */,
				6063E3F8B04B08F3329760C3 /* Pods_Twitter_TwitterUITests.framework */,
				7F83ED5BF319E6F03F89A74A /* Pods_TwitterTests.framework */,
			);
			name = Frameworks;
			sourceTree = "<group>";
		};
		8A633D412B84FD34005E86C2 /* View */ = {
			isa = PBXGroup;
			children = (
				8ABCAEAE2B81D4790018D8F9 /* Main.storyboard */,
				8A5FA6752B90C888005A2FCD /* TweetTableViewCell.xib */,
				8AF031DB2BB7CAFE00A28A6C /* TweetEditViewController.xib */,
				8AAB96482BB8012400845F95 /* IconEditViewController.xib */,
				8ABCAEB32B81D47A0018D8F9 /* LaunchScreen.storyboard */,
			);
			path = View;
			sourceTree = "<group>";
		};
		8ABCAE9C2B81D4790018D8F9 = {
			isa = PBXGroup;
			children = (
				8ABCAEA72B81D4790018D8F9 /* Twitter */,
				8ABCAEBE2B81D47A0018D8F9 /* TwitterTests */,
				8ABCAEC82B81D47A0018D8F9 /* TwitterUITests */,
				8ABCAEA62B81D4790018D8F9 /* Products */,
				9F0D2BD761DD17FD5F7CF471 /* Pods */,
				3B7075D34842B6FB40B84C04 /* Frameworks */,
			);
			sourceTree = "<group>";
		};
		8ABCAEA62B81D4790018D8F9 /* Products */ = {
			isa = PBXGroup;
			children = (
				8ABCAEA52B81D4790018D8F9 /* Twitter.app */,
				8ABCAEBB2B81D47A0018D8F9 /* TwitterTests.xctest */,
				8ABCAEC52B81D47A0018D8F9 /* TwitterUITests.xctest */,
			);
			name = Products;
			sourceTree = "<group>";
		};
		8ABCAEA72B81D4790018D8F9 /* Twitter */ = {
			isa = PBXGroup;
			children = (
				8A633D412B84FD34005E86C2 /* View */,
				8ABCAEAC2B81D4790018D8F9 /* TimelineViewController.swift */,
				8A5FA6742B90C888005A2FCD /* TweetTableViewCell.swift */,
				8AF031DA2BB7CAFE00A28A6C /* TweetEditViewController.swift */,
				8AAB96472BB8012400845F95 /* IconEditViewController.swift */,
				8ABCAEA82B81D4790018D8F9 /* AppDelegate.swift */,
				8ABCAEAA2B81D4790018D8F9 /* SceneDelegate.swift */,
				8ABCAEB12B81D47A0018D8F9 /* Assets.xcassets */,
				8ABCAEB62B81D47A0018D8F9 /* Info.plist */,
			);
			path = Twitter;
			sourceTree = "<group>";
		};
		8ABCAEBE2B81D47A0018D8F9 /* TwitterTests */ = {
			isa = PBXGroup;
			children = (
				8ABCAEBF2B81D47A0018D8F9 /* TwitterTests.swift */,
			);
			path = TwitterTests;
			sourceTree = "<group>";
		};
		8ABCAEC82B81D47A0018D8F9 /* TwitterUITests */ = {
			isa = PBXGroup;
			children = (
				8ABCAEC92B81D47A0018D8F9 /* TwitterUITests.swift */,
				8ABCAECB2B81D47A0018D8F9 /* TwitterUITestsLaunchTests.swift */,
			);
			path = TwitterUITests;
			sourceTree = "<group>";
		};
		9F0D2BD761DD17FD5F7CF471 /* Pods */ = {
			isa = PBXGroup;
			children = (
				C213F5484BE25F48794CA920 /* Pods-Twitter.debug.xcconfig */,
				FE522B91127333F6A9EB9575 /* Pods-Twitter.release.xcconfig */,
				236852317482C39D61466E0C /* Pods-Twitter-TwitterUITests.debug.xcconfig */,
				79ED451A71989FD51F7D1D6B /* Pods-Twitter-TwitterUITests.release.xcconfig */,
				C8232681F98CDDF5FD441ED6 /* Pods-TwitterTests.debug.xcconfig */,
				689CC0D261074362889B1695 /* Pods-TwitterTests.release.xcconfig */,
			);
			path = Pods;
			sourceTree = "<group>";
		};
/* End PBXGroup section */

/* Begin PBXNativeTarget section */
		8ABCAEA42B81D4790018D8F9 /* Twitter */ = {
			isa = PBXNativeTarget;
			buildConfigurationList = 8ABCAECF2B81D47A0018D8F9 /* Build configuration list for PBXNativeTarget "Twitter" */;
			buildPhases = (
				C834D2A674EEE679D5B6E9E3 /* [CP] Check Pods Manifest.lock */,
				8ABCAEA12B81D4790018D8F9 /* Sources */,
				8ABCAEA22B81D4790018D8F9 /* Frameworks */,
				8ABCAEA32B81D4790018D8F9 /* Resources */,
				FEEBC773FF843CBD872142B4 /* [CP] Embed Pods Frameworks */,
			);
			buildRules = (
			);
			dependencies = (
			);
			name = Twitter;
			productName = Twitter;
			productReference = 8ABCAEA52B81D4790018D8F9 /* Twitter.app */;
			productType = "com.apple.product-type.application";
		};
		8ABCAEBA2B81D47A0018D8F9 /* TwitterTests */ = {
			isa = PBXNativeTarget;
			buildConfigurationList = 8ABCAED22B81D47A0018D8F9 /* Build configuration list for PBXNativeTarget "TwitterTests" */;
			buildPhases = (
				A3279E17FC8C38E50DF35BBC /* [CP] Check Pods Manifest.lock */,
				8ABCAEB72B81D47A0018D8F9 /* Sources */,
				8ABCAEB82B81D47A0018D8F9 /* Frameworks */,
				8ABCAEB92B81D47A0018D8F9 /* Resources */,
			);
			buildRules = (
			);
			dependencies = (
				8ABCAEBD2B81D47A0018D8F9 /* PBXTargetDependency */,
			);
			name = TwitterTests;
			productName = TwitterTests;
			productReference = 8ABCAEBB2B81D47A0018D8F9 /* TwitterTests.xctest */;
			productType = "com.apple.product-type.bundle.unit-test";
		};
		8ABCAEC42B81D47A0018D8F9 /* TwitterUITests */ = {
			isa = PBXNativeTarget;
			buildConfigurationList = 8ABCAED52B81D47A0018D8F9 /* Build configuration list for PBXNativeTarget "TwitterUITests" */;
			buildPhases = (
				7878504E493A715575882057 /* [CP] Check Pods Manifest.lock */,
				8ABCAEC12B81D47A0018D8F9 /* Sources */,
				8ABCAEC22B81D47A0018D8F9 /* Frameworks */,
				8ABCAEC32B81D47A0018D8F9 /* Resources */,
				128967B370012854B071F92E /* [CP] Embed Pods Frameworks */,
			);
			buildRules = (
			);
			dependencies = (
				8ABCAEC72B81D47A0018D8F9 /* PBXTargetDependency */,
			);
			name = TwitterUITests;
			productName = TwitterUITests;
			productReference = 8ABCAEC52B81D47A0018D8F9 /* TwitterUITests.xctest */;
			productType = "com.apple.product-type.bundle.ui-testing";
		};
/* End PBXNativeTarget section */

/* Begin PBXProject section */
		8ABCAE9D2B81D4790018D8F9 /* Project object */ = {
			isa = PBXProject;
			attributes = {
				BuildIndependentTargetsInParallel = 1;
				LastSwiftUpdateCheck = 1520;
				LastUpgradeCheck = 1520;
				TargetAttributes = {
					8ABCAEA42B81D4790018D8F9 = {
						CreatedOnToolsVersion = 15.2;
					};
					8ABCAEBA2B81D47A0018D8F9 = {
						CreatedOnToolsVersion = 15.2;
						TestTargetID = 8ABCAEA42B81D4790018D8F9;
					};
					8ABCAEC42B81D47A0018D8F9 = {
						CreatedOnToolsVersion = 15.2;
						TestTargetID = 8ABCAEA42B81D4790018D8F9;
					};
				};
			};
			buildConfigurationList = 8ABCAEA02B81D4790018D8F9 /* Build configuration list for PBXProject "Twitter" */;
			compatibilityVersion = "Xcode 14.0";
			developmentRegion = en;
			hasScannedForEncodings = 0;
			knownRegions = (
				en,
				Base,
			);
			mainGroup = 8ABCAE9C2B81D4790018D8F9;
			productRefGroup = 8ABCAEA62B81D4790018D8F9 /* Products */;
			projectDirPath = "";
			projectRoot = "";
			targets = (
				8ABCAEA42B81D4790018D8F9 /* Twitter */,
				8ABCAEBA2B81D47A0018D8F9 /* TwitterTests */,
				8ABCAEC42B81D47A0018D8F9 /* TwitterUITests */,
			);
		};
/* End PBXProject section */

/* Begin PBXResourcesBuildPhase section */
		8ABCAEA32B81D4790018D8F9 /* Resources */ = {
			isa = PBXResourcesBuildPhase;
			buildActionMask = 2147483647;
			files = (
				8ABCAEB52B81D47A0018D8F9 /* LaunchScreen.storyboard in Resources */,
				8ABCAEB22B81D47A0018D8F9 /* Assets.xcassets in Resources */,
				8ABCAEB02B81D4790018D8F9 /* Main.storyboard in Resources */,
				8AF031DD2BB7CAFE00A28A6C /* TweetEditViewController.xib in Resources */,
				8A5FA6772B90C888005A2FCD /* TweetTableViewCell.xib in Resources */,
				8AAB96492BB8012400845F95 /* IconEditViewController.xib in Resources */,
			);
			runOnlyForDeploymentPostprocessing = 0;
		};
		8ABCAEB92B81D47A0018D8F9 /* Resources */ = {
			isa = PBXResourcesBuildPhase;
			buildActionMask = 2147483647;
			files = (
			);
			runOnlyForDeploymentPostprocessing = 0;
		};
		8ABCAEC32B81D47A0018D8F9 /* Resources */ = {
			isa = PBXResourcesBuildPhase;
			buildActionMask = 2147483647;
			files = (
			);
			runOnlyForDeploymentPostprocessing = 0;
		};
/* End PBXResourcesBuildPhase section */

/* Begin PBXShellScriptBuildPhase section */
		128967B370012854B071F92E /* [CP] Embed Pods Frameworks */ = {
			isa = PBXShellScriptBuildPhase;
			buildActionMask = 2147483647;
			files = (
			);
			inputFileListPaths = (
				"${PODS_ROOT}/Target Support Files/Pods-Twitter-TwitterUITests/Pods-Twitter-TwitterUITests-frameworks-${CONFIGURATION}-input-files.xcfilelist",
			);
			name = "[CP] Embed Pods Frameworks";
			outputFileListPaths = (
				"${PODS_ROOT}/Target Support Files/Pods-Twitter-TwitterUITests/Pods-Twitter-TwitterUITests-frameworks-${CONFIGURATION}-output-files.xcfilelist",
			);
			runOnlyForDeploymentPostprocessing = 0;
			shellPath = /bin/sh;
			shellScript = "\"${PODS_ROOT}/Target Support Files/Pods-Twitter-TwitterUITests/Pods-Twitter-TwitterUITests-frameworks.sh\"\n";
			showEnvVarsInLog = 0;
		};
		7878504E493A715575882057 /* [CP] Check Pods Manifest.lock */ = {
			isa = PBXShellScriptBuildPhase;
			buildActionMask = 2147483647;
			files = (
			);
			inputFileListPaths = (
			);
			inputPaths = (
				"${PODS_PODFILE_DIR_PATH}/Podfile.lock",
				"${PODS_ROOT}/Manifest.lock",
			);
			name = "[CP] Check Pods Manifest.lock";
			outputFileListPaths = (
			);
			outputPaths = (
				"$(DERIVED_FILE_DIR)/Pods-Twitter-TwitterUITests-checkManifestLockResult.txt",
			);
			runOnlyForDeploymentPostprocessing = 0;
			shellPath = /bin/sh;
			shellScript = "diff \"${PODS_PODFILE_DIR_PATH}/Podfile.lock\" \"${PODS_ROOT}/Manifest.lock\" > /dev/null\nif [ $? != 0 ] ; then\n    # print error to STDERR\n    echo \"error: The sandbox is not in sync with the Podfile.lock. Run 'pod install' or update your CocoaPods installation.\" >&2\n    exit 1\nfi\n# This output is used by Xcode 'outputs' to avoid re-running this script phase.\necho \"SUCCESS\" > \"${SCRIPT_OUTPUT_FILE_0}\"\n";
			showEnvVarsInLog = 0;
		};
		A3279E17FC8C38E50DF35BBC /* [CP] Check Pods Manifest.lock */ = {
			isa = PBXShellScriptBuildPhase;
			buildActionMask = 2147483647;
			files = (
			);
			inputFileListPaths = (
			);
			inputPaths = (
				"${PODS_PODFILE_DIR_PATH}/Podfile.lock",
				"${PODS_ROOT}/Manifest.lock",
			);
			name = "[CP] Check Pods Manifest.lock";
			outputFileListPaths = (
			);
			outputPaths = (
				"$(DERIVED_FILE_DIR)/Pods-TwitterTests-checkManifestLockResult.txt",
			);
			runOnlyForDeploymentPostprocessing = 0;
			shellPath = /bin/sh;
			shellScript = "diff \"${PODS_PODFILE_DIR_PATH}/Podfile.lock\" \"${PODS_ROOT}/Manifest.lock\" > /dev/null\nif [ $? != 0 ] ; then\n    # print error to STDERR\n    echo \"error: The sandbox is not in sync with the Podfile.lock. Run 'pod install' or update your CocoaPods installation.\" >&2\n    exit 1\nfi\n# This output is used by Xcode 'outputs' to avoid re-running this script phase.\necho \"SUCCESS\" > \"${SCRIPT_OUTPUT_FILE_0}\"\n";
			showEnvVarsInLog = 0;
		};
		C834D2A674EEE679D5B6E9E3 /* [CP] Check Pods Manifest.lock */ = {
			isa = PBXShellScriptBuildPhase;
			buildActionMask = 2147483647;
			files = (
			);
			inputFileListPaths = (
			);
			inputPaths = (
				"${PODS_PODFILE_DIR_PATH}/Podfile.lock",
				"${PODS_ROOT}/Manifest.lock",
			);
			name = "[CP] Check Pods Manifest.lock";
			outputFileListPaths = (
			);
			outputPaths = (
				"$(DERIVED_FILE_DIR)/Pods-Twitter-checkManifestLockResult.txt",
			);
			runOnlyForDeploymentPostprocessing = 0;
			shellPath = /bin/sh;
			shellScript = "diff \"${PODS_PODFILE_DIR_PATH}/Podfile.lock\" \"${PODS_ROOT}/Manifest.lock\" > /dev/null\nif [ $? != 0 ] ; then\n    # print error to STDERR\n    echo \"error: The sandbox is not in sync with the Podfile.lock. Run 'pod install' or update your CocoaPods installation.\" >&2\n    exit 1\nfi\n# This output is used by Xcode 'outputs' to avoid re-running this script phase.\necho \"SUCCESS\" > \"${SCRIPT_OUTPUT_FILE_0}\"\n";
			showEnvVarsInLog = 0;
		};
		FEEBC773FF843CBD872142B4 /* [CP] Embed Pods Frameworks */ = {
			isa = PBXShellScriptBuildPhase;
			buildActionMask = 2147483647;
			files = (
			);
			inputFileListPaths = (
				"${PODS_ROOT}/Target Support Files/Pods-Twitter/Pods-Twitter-frameworks-${CONFIGURATION}-input-files.xcfilelist",
			);
			name = "[CP] Embed Pods Frameworks";
			outputFileListPaths = (
				"${PODS_ROOT}/Target Support Files/Pods-Twitter/Pods-Twitter-frameworks-${CONFIGURATION}-output-files.xcfilelist",
			);
			runOnlyForDeploymentPostprocessing = 0;
			shellPath = /bin/sh;
			shellScript = "\"${PODS_ROOT}/Target Support Files/Pods-Twitter/Pods-Twitter-frameworks.sh\"\n";
			showEnvVarsInLog = 0;
		};
/* End PBXShellScriptBuildPhase section */

/* Begin PBXSourcesBuildPhase section */
		8ABCAEA12B81D4790018D8F9 /* Sources */ = {
			isa = PBXSourcesBuildPhase;
			buildActionMask = 2147483647;
			files = (
				8ABCAEAD2B81D4790018D8F9 /* TimelineViewController.swift in Sources */,
				8ABCAEA92B81D4790018D8F9 /* AppDelegate.swift in Sources */,
				8ABCAEAB2B81D4790018D8F9 /* SceneDelegate.swift in Sources */,
				8A5FA6762B90C888005A2FCD /* TweetTableViewCell.swift in Sources */,
				8AF031DC2BB7CAFE00A28A6C /* TweetEditViewController.swift in Sources */,
				8AAB964A2BB8012400845F95 /* IconEditViewController.swift in Sources */,
			);
			runOnlyForDeploymentPostprocessing = 0;
		};
		8ABCAEB72B81D47A0018D8F9 /* Sources */ = {
			isa = PBXSourcesBuildPhase;
			buildActionMask = 2147483647;
			files = (
				8ABCAEC02B81D47A0018D8F9 /* TwitterTests.swift in Sources */,
			);
			runOnlyForDeploymentPostprocessing = 0;
		};
		8ABCAEC12B81D47A0018D8F9 /* Sources */ = {
			isa = PBXSourcesBuildPhase;
			buildActionMask = 2147483647;
			files = (
				8ABCAECC2B81D47A0018D8F9 /* TwitterUITestsLaunchTests.swift in Sources */,
				8ABCAECA2B81D47A0018D8F9 /* TwitterUITests.swift in Sources */,
			);
			runOnlyForDeploymentPostprocessing = 0;
		};
/* End PBXSourcesBuildPhase section */

/* Begin PBXTargetDependency section */
		8ABCAEBD2B81D47A0018D8F9 /* PBXTargetDependency */ = {
			isa = PBXTargetDependency;
			target = 8ABCAEA42B81D4790018D8F9 /* Twitter */;
			targetProxy = 8ABCAEBC2B81D47A0018D8F9 /* PBXContainerItemProxy */;
		};
		8ABCAEC72B81D47A0018D8F9 /* PBXTargetDependency */ = {
			isa = PBXTargetDependency;
			target = 8ABCAEA42B81D4790018D8F9 /* Twitter */;
			targetProxy = 8ABCAEC62B81D47A0018D8F9 /* PBXContainerItemProxy */;
		};
/* End PBXTargetDependency section */

/* Begin PBXVariantGroup section */
		8ABCAEAE2B81D4790018D8F9 /* Main.storyboard */ = {
			isa = PBXVariantGroup;
			children = (
				8ABCAEAF2B81D4790018D8F9 /* Base */,
			);
			name = Main.storyboard;
			sourceTree = "<group>";
		};
		8ABCAEB32B81D47A0018D8F9 /* LaunchScreen.storyboard */ = {
			isa = PBXVariantGroup;
			children = (
				8ABCAEB42B81D47A0018D8F9 /* Base */,
			);
			name = LaunchScreen.storyboard;
			sourceTree = "<group>";
		};
/* End PBXVariantGroup section */

/* Begin XCBuildConfiguration section */
		8ABCAECD2B81D47A0018D8F9 /* Debug */ = {
			isa = XCBuildConfiguration;
			buildSettings = {
				ALWAYS_SEARCH_USER_PATHS = NO;
				ASSETCATALOG_COMPILER_GENERATE_SWIFT_ASSET_SYMBOL_EXTENSIONS = YES;
				CLANG_ANALYZER_NONNULL = YES;
				CLANG_ANALYZER_NUMBER_OBJECT_CONVERSION = YES_AGGRESSIVE;
				CLANG_CXX_LANGUAGE_STANDARD = "gnu++20";
				CLANG_ENABLE_MODULES = YES;
				CLANG_ENABLE_OBJC_ARC = YES;
				CLANG_ENABLE_OBJC_WEAK = YES;
				CLANG_WARN_BLOCK_CAPTURE_AUTORELEASING = YES;
				CLANG_WARN_BOOL_CONVERSION = YES;
				CLANG_WARN_COMMA = YES;
				CLANG_WARN_CONSTANT_CONVERSION = YES;
				CLANG_WARN_DEPRECATED_OBJC_IMPLEMENTATIONS = YES;
				CLANG_WARN_DIRECT_OBJC_ISA_USAGE = YES_ERROR;
				CLANG_WARN_DOCUMENTATION_COMMENTS = YES;
				CLANG_WARN_EMPTY_BODY = YES;
				CLANG_WARN_ENUM_CONVERSION = YES;
				CLANG_WARN_INFINITE_RECURSION = YES;
				CLANG_WARN_INT_CONVERSION = YES;
				CLANG_WARN_NON_LITERAL_NULL_CONVERSION = YES;
				CLANG_WARN_OBJC_IMPLICIT_RETAIN_SELF = YES;
				CLANG_WARN_OBJC_LITERAL_CONVERSION = YES;
				CLANG_WARN_OBJC_ROOT_CLASS = YES_ERROR;
				CLANG_WARN_QUOTED_INCLUDE_IN_FRAMEWORK_HEADER = YES;
				CLANG_WARN_RANGE_LOOP_ANALYSIS = YES;
				CLANG_WARN_STRICT_PROTOTYPES = YES;
				CLANG_WARN_SUSPICIOUS_MOVE = YES;
				CLANG_WARN_UNGUARDED_AVAILABILITY = YES_AGGRESSIVE;
				CLANG_WARN_UNREACHABLE_CODE = YES;
				CLANG_WARN__DUPLICATE_METHOD_MATCH = YES;
				COPY_PHASE_STRIP = NO;
				DEBUG_INFORMATION_FORMAT = dwarf;
				ENABLE_STRICT_OBJC_MSGSEND = YES;
				ENABLE_TESTABILITY = YES;
				ENABLE_USER_SCRIPT_SANDBOXING = YES;
				GCC_C_LANGUAGE_STANDARD = gnu17;
				GCC_DYNAMIC_NO_PIC = NO;
				GCC_NO_COMMON_BLOCKS = YES;
				GCC_OPTIMIZATION_LEVEL = 0;
				GCC_PREPROCESSOR_DEFINITIONS = (
					"DEBUG=1",
					"$(inherited)",
				);
				GCC_WARN_64_TO_32_BIT_CONVERSION = YES;
				GCC_WARN_ABOUT_RETURN_TYPE = YES_ERROR;
				GCC_WARN_UNDECLARED_SELECTOR = YES;
				GCC_WARN_UNINITIALIZED_AUTOS = YES_AGGRESSIVE;
				GCC_WARN_UNUSED_FUNCTION = YES;
				GCC_WARN_UNUSED_VARIABLE = YES;
				IPHONEOS_DEPLOYMENT_TARGET = 17.2;
				LOCALIZATION_PREFERS_STRING_CATALOGS = YES;
				MTL_ENABLE_DEBUG_INFO = INCLUDE_SOURCE;
				MTL_FAST_MATH = YES;
				ONLY_ACTIVE_ARCH = YES;
				SDKROOT = iphoneos;
				SWIFT_ACTIVE_COMPILATION_CONDITIONS = "DEBUG $(inherited)";
				SWIFT_OPTIMIZATION_LEVEL = "-Onone";
			};
			name = Debug;
		};
		8ABCAECE2B81D47A0018D8F9 /* Release */ = {
			isa = XCBuildConfiguration;
			buildSettings = {
				ALWAYS_SEARCH_USER_PATHS = NO;
				ASSETCATALOG_COMPILER_GENERATE_SWIFT_ASSET_SYMBOL_EXTENSIONS = YES;
				CLANG_ANALYZER_NONNULL = YES;
				CLANG_ANALYZER_NUMBER_OBJECT_CONVERSION = YES_AGGRESSIVE;
				CLANG_CXX_LANGUAGE_STANDARD = "gnu++20";
				CLANG_ENABLE_MODULES = YES;
				CLANG_ENABLE_OBJC_ARC = YES;
				CLANG_ENABLE_OBJC_WEAK = YES;
				CLANG_WARN_BLOCK_CAPTURE_AUTORELEASING = YES;
				CLANG_WARN_BOOL_CONVERSION = YES;
				CLANG_WARN_COMMA = YES;
				CLANG_WARN_CONSTANT_CONVERSION = YES;
				CLANG_WARN_DEPRECATED_OBJC_IMPLEMENTATIONS = YES;
				CLANG_WARN_DIRECT_OBJC_ISA_USAGE = YES_ERROR;
				CLANG_WARN_DOCUMENTATION_COMMENTS = YES;
				CLANG_WARN_EMPTY_BODY = YES;
				CLANG_WARN_ENUM_CONVERSION = YES;
				CLANG_WARN_INFINITE_RECURSION = YES;
				CLANG_WARN_INT_CONVERSION = YES;
				CLANG_WARN_NON_LITERAL_NULL_CONVERSION = YES;
				CLANG_WARN_OBJC_IMPLICIT_RETAIN_SELF = YES;
				CLANG_WARN_OBJC_LITERAL_CONVERSION = YES;
				CLANG_WARN_OBJC_ROOT_CLASS = YES_ERROR;
				CLANG_WARN_QUOTED_INCLUDE_IN_FRAMEWORK_HEADER = YES;
				CLANG_WARN_RANGE_LOOP_ANALYSIS = YES;
				CLANG_WARN_STRICT_PROTOTYPES = YES;
				CLANG_WARN_SUSPICIOUS_MOVE = YES;
				CLANG_WARN_UNGUARDED_AVAILABILITY = YES_AGGRESSIVE;
				CLANG_WARN_UNREACHABLE_CODE = YES;
				CLANG_WARN__DUPLICATE_METHOD_MATCH = YES;
				COPY_PHASE_STRIP = NO;
				DEBUG_INFORMATION_FORMAT = "dwarf-with-dsym";
				ENABLE_NS_ASSERTIONS = NO;
				ENABLE_STRICT_OBJC_MSGSEND = YES;
				ENABLE_USER_SCRIPT_SANDBOXING = YES;
				GCC_C_LANGUAGE_STANDARD = gnu17;
				GCC_NO_COMMON_BLOCKS = YES;
				GCC_WARN_64_TO_32_BIT_CONVERSION = YES;
				GCC_WARN_ABOUT_RETURN_TYPE = YES_ERROR;
				GCC_WARN_UNDECLARED_SELECTOR = YES;
				GCC_WARN_UNINITIALIZED_AUTOS = YES_AGGRESSIVE;
				GCC_WARN_UNUSED_FUNCTION = YES;
				GCC_WARN_UNUSED_VARIABLE = YES;
				IPHONEOS_DEPLOYMENT_TARGET = 17.2;
				LOCALIZATION_PREFERS_STRING_CATALOGS = YES;
				MTL_ENABLE_DEBUG_INFO = NO;
				MTL_FAST_MATH = YES;
				SDKROOT = iphoneos;
				SWIFT_COMPILATION_MODE = wholemodule;
				VALIDATE_PRODUCT = YES;
			};
			name = Release;
		};
		8ABCAED02B81D47A0018D8F9 /* Debug */ = {
			isa = XCBuildConfiguration;
			baseConfigurationReference = C213F5484BE25F48794CA920 /* Pods-Twitter.debug.xcconfig */;
			buildSettings = {
				ASSETCATALOG_COMPILER_APPICON_NAME = AppIcon;
				ASSETCATALOG_COMPILER_GLOBAL_ACCENT_COLOR_NAME = AccentColor;
				CODE_SIGN_STYLE = Automatic;
				CURRENT_PROJECT_VERSION = 1;
				ENABLE_USER_SCRIPT_SANDBOXING = NO;
				GENERATE_INFOPLIST_FILE = YES;
				INFOPLIST_FILE = Twitter/Info.plist;
				INFOPLIST_KEY_UIApplicationSupportsIndirectInputEvents = YES;
				INFOPLIST_KEY_UILaunchStoryboardName = LaunchScreen;
				INFOPLIST_KEY_UIMainStoryboardFile = Main;
				INFOPLIST_KEY_UISupportedInterfaceOrientations_iPad = "UIInterfaceOrientationPortrait UIInterfaceOrientationPortraitUpsideDown UIInterfaceOrientationLandscapeLeft UIInterfaceOrientationLandscapeRight";
				INFOPLIST_KEY_UISupportedInterfaceOrientations_iPhone = "UIInterfaceOrientationPortrait UIInterfaceOrientationLandscapeLeft UIInterfaceOrientationLandscapeRight";
				LD_RUNPATH_SEARCH_PATHS = (
					"$(inherited)",
					"@executable_path/Frameworks",
				);
				MARKETING_VERSION = 1.0;
				PRODUCT_BUNDLE_IDENTIFIER = "mate-app.Twitter";
				PRODUCT_NAME = "$(TARGET_NAME)";
				SWIFT_EMIT_LOC_STRINGS = YES;
				SWIFT_VERSION = 5.0;
				TARGETED_DEVICE_FAMILY = "1,2";
			};
			name = Debug;
		};
		8ABCAED12B81D47A0018D8F9 /* Release */ = {
			isa = XCBuildConfiguration;
			baseConfigurationReference = FE522B91127333F6A9EB9575 /* Pods-Twitter.release.xcconfig */;
			buildSettings = {
				ASSETCATALOG_COMPILER_APPICON_NAME = AppIcon;
				ASSETCATALOG_COMPILER_GLOBAL_ACCENT_COLOR_NAME = AccentColor;
				CODE_SIGN_STYLE = Automatic;
				CURRENT_PROJECT_VERSION = 1;
				ENABLE_USER_SCRIPT_SANDBOXING = NO;
				GENERATE_INFOPLIST_FILE = YES;
				INFOPLIST_FILE = Twitter/Info.plist;
				INFOPLIST_KEY_UIApplicationSupportsIndirectInputEvents = YES;
				INFOPLIST_KEY_UILaunchStoryboardName = LaunchScreen;
				INFOPLIST_KEY_UIMainStoryboardFile = Main;
				INFOPLIST_KEY_UISupportedInterfaceOrientations_iPad = "UIInterfaceOrientationPortrait UIInterfaceOrientationPortraitUpsideDown UIInterfaceOrientationLandscapeLeft UIInterfaceOrientationLandscapeRight";
				INFOPLIST_KEY_UISupportedInterfaceOrientations_iPhone = "UIInterfaceOrientationPortrait UIInterfaceOrientationLandscapeLeft UIInterfaceOrientationLandscapeRight";
				LD_RUNPATH_SEARCH_PATHS = (
					"$(inherited)",
					"@executable_path/Frameworks",
				);
				MARKETING_VERSION = 1.0;
				PRODUCT_BUNDLE_IDENTIFIER = "mate-app.Twitter";
				PRODUCT_NAME = "$(TARGET_NAME)";
				SWIFT_EMIT_LOC_STRINGS = YES;
				SWIFT_VERSION = 5.0;
				TARGETED_DEVICE_FAMILY = "1,2";
			};
			name = Release;
		};
		8ABCAED32B81D47A0018D8F9 /* Debug */ = {
			isa = XCBuildConfiguration;
			baseConfigurationReference = C8232681F98CDDF5FD441ED6 /* Pods-TwitterTests.debug.xcconfig */;
			buildSettings = {
				ALWAYS_EMBED_SWIFT_STANDARD_LIBRARIES = YES;
				BUNDLE_LOADER = "$(TEST_HOST)";
				CODE_SIGN_STYLE = Automatic;
				CURRENT_PROJECT_VERSION = 1;
				GENERATE_INFOPLIST_FILE = YES;
				IPHONEOS_DEPLOYMENT_TARGET = 17.2;
				MARKETING_VERSION = 1.0;
				PRODUCT_BUNDLE_IDENTIFIER = "mate-app.TwitterTests";
				PRODUCT_NAME = "$(TARGET_NAME)";
				SWIFT_EMIT_LOC_STRINGS = NO;
				SWIFT_VERSION = 5.0;
				TARGETED_DEVICE_FAMILY = "1,2";
				TEST_HOST = "$(BUILT_PRODUCTS_DIR)/Twitter.app/$(BUNDLE_EXECUTABLE_FOLDER_PATH)/Twitter";
			};
			name = Debug;
		};
		8ABCAED42B81D47A0018D8F9 /* Release */ = {
			isa = XCBuildConfiguration;
			baseConfigurationReference = 689CC0D261074362889B1695 /* Pods-TwitterTests.release.xcconfig */;
			buildSettings = {
				ALWAYS_EMBED_SWIFT_STANDARD_LIBRARIES = YES;
				BUNDLE_LOADER = "$(TEST_HOST)";
				CODE_SIGN_STYLE = Automatic;
				CURRENT_PROJECT_VERSION = 1;
				GENERATE_INFOPLIST_FILE = YES;
				IPHONEOS_DEPLOYMENT_TARGET = 17.2;
				MARKETING_VERSION = 1.0;
				PRODUCT_BUNDLE_IDENTIFIER = "mate-app.TwitterTests";
				PRODUCT_NAME = "$(TARGET_NAME)";
				SWIFT_EMIT_LOC_STRINGS = NO;
				SWIFT_VERSION = 5.0;
				TARGETED_DEVICE_FAMILY = "1,2";
				TEST_HOST = "$(BUILT_PRODUCTS_DIR)/Twitter.app/$(BUNDLE_EXECUTABLE_FOLDER_PATH)/Twitter";
			};
			name = Release;
		};
		8ABCAED62B81D47A0018D8F9 /* Debug */ = {
			isa = XCBuildConfiguration;
			baseConfigurationReference = 236852317482C39D61466E0C /* Pods-Twitter-TwitterUITests.debug.xcconfig */;
			buildSettings = {
				ALWAYS_EMBED_SWIFT_STANDARD_LIBRARIES = YES;
				CODE_SIGN_STYLE = Automatic;
				CURRENT_PROJECT_VERSION = 1;
				GENERATE_INFOPLIST_FILE = YES;
				MARKETING_VERSION = 1.0;
				PRODUCT_BUNDLE_IDENTIFIER = "mate-app.TwitterUITests";
				PRODUCT_NAME = "$(TARGET_NAME)";
				SWIFT_EMIT_LOC_STRINGS = NO;
				SWIFT_VERSION = 5.0;
				TARGETED_DEVICE_FAMILY = "1,2";
				TEST_TARGET_NAME = Twitter;
			};
			name = Debug;
		};
		8ABCAED72B81D47A0018D8F9 /* Release */ = {
			isa = XCBuildConfiguration;
			baseConfigurationReference = 79ED451A71989FD51F7D1D6B /* Pods-Twitter-TwitterUITests.release.xcconfig */;
			buildSettings = {
				ALWAYS_EMBED_SWIFT_STANDARD_LIBRARIES = YES;
				CODE_SIGN_STYLE = Automatic;
				CURRENT_PROJECT_VERSION = 1;
				GENERATE_INFOPLIST_FILE = YES;
				MARKETING_VERSION = 1.0;
				PRODUCT_BUNDLE_IDENTIFIER = "mate-app.TwitterUITests";
				PRODUCT_NAME = "$(TARGET_NAME)";
				SWIFT_EMIT_LOC_STRINGS = NO;
				SWIFT_VERSION = 5.0;
				TARGETED_DEVICE_FAMILY = "1,2";
				TEST_TARGET_NAME = Twitter;
			};
			name = Release;
		};
/* End XCBuildConfiguration section */

/* Begin XCConfigurationList section */
		8ABCAEA02B81D4790018D8F9 /* Build configuration list for PBXProject "Twitter" */ = {
			isa = XCConfigurationList;
			buildConfigurations = (
				8ABCAECD2B81D47A0018D8F9 /* Debug */,
				8ABCAECE2B81D47A0018D8F9 /* Release */,
			);
			defaultConfigurationIsVisible = 0;
			defaultConfigurationName = Release;
		};
		8ABCAECF2B81D47A0018D8F9 /* Build configuration list for PBXNativeTarget "Twitter" */ = {
			isa = XCConfigurationList;
			buildConfigurations = (
				8ABCAED02B81D47A0018D8F9 /* Debug */,
				8ABCAED12B81D47A0018D8F9 /* Release */,
			);
			defaultConfigurationIsVisible = 0;
			defaultConfigurationName = Release;
		};
		8ABCAED22B81D47A0018D8F9 /* Build configuration list for PBXNativeTarget "TwitterTests" */ = {
			isa = XCConfigurationList;
			buildConfigurations = (
				8ABCAED32B81D47A0018D8F9 /* Debug */,
				8ABCAED42B81D47A0018D8F9 /* Release */,
			);
			defaultConfigurationIsVisible = 0;
			defaultConfigurationName = Release;
		};
		8ABCAED52B81D47A0018D8F9 /* Build configuration list for PBXNativeTarget "TwitterUITests" */ = {
			isa = XCConfigurationList;
			buildConfigurations = (
				8ABCAED62B81D47A0018D8F9 /* Debug */,
				8ABCAED72B81D47A0018D8F9 /* Release */,
			);
			defaultConfigurationIsVisible = 0;
			defaultConfigurationName = Release;
		};
/* End XCConfigurationList section */
	};
	rootObject = 8ABCAE9D2B81D4790018D8F9 /* Project object */;
}
